PODS:
  - Alamofire (4.3.0)
  - Material (2.4.11):
    - Material/Core (= 2.4.11)
  - Material/Core (2.4.11)
  - MBProgressHUD (1.0.0)
  - PagingMenuController (1.4.0)
  - SDWebImage (3.8.2):
    - SDWebImage/Core (= 3.8.2)
  - SDWebImage/Core (3.8.2)
  - SwiftyJSON (3.1.4)

DEPENDENCIES:
  - Alamofire
  - Material (~> 2.0)
  - MBProgressHUD (~> 1.0.0)
  - PagingMenuController
  - SDWebImage (~> 3.8)
  - SwiftyJSON

SPEC CHECKSUMS:
  Alamofire: 856a113053a7bc9cbe5d6367a555d773fc5cfef7
  Material: 09b50565d8f824bd74881eba12d7c549b41f510d
  MBProgressHUD: 4890f671c94e8a0f3cf959aa731e9de2f036d71a
  PagingMenuController: 79a9ce7472839d9afd0a6b879af6132822644a47
  SDWebImage: 098e97e6176540799c27e804c96653ee0833d13c
  SwiftyJSON: c2842d878f95482ffceec5709abc3d05680c0220

PODFILE CHECKSUM: 2608649c5106915f8279562feac64ff0c8c952ab

COCOAPODS: 1.1.1
